// !$*UTF8*$!
{
	archiveVersion = 1;
	classes = {
	};
	objectVersion = 46;
	objects = {

/* Begin PBXBuildFile section */
		DC314F701D866B9D0083FD38 /* main.m in Sources */ = {isa = PBXBuildFile; fileRef = DC314F6F1D866B9D0083FD38 /* main.m */; };
		DC314F731D866B9D0083FD38 /* AppDelegate.m in Sources */ = {isa = PBXBuildFile; fileRef = DC314F721D866B9D0083FD38 /* AppDelegate.m */; };
		DC314F761D866B9D0083FD38 /* ViewController.m in Sources */ = {isa = PBXBuildFile; fileRef = DC314F751D866B9D0083FD38 /* ViewController.m */; };
		DC314F791D866B9D0083FD38 /* Main.storyboard in Resources */ = {isa = PBXBuildFile; fileRef = DC314F771D866B9D0083FD38 /* Main.storyboard */; };
		DC314F7B1D866B9D0083FD38 /* Assets.xcassets in Resources */ = {isa = PBXBuildFile; fileRef = DC314F7A1D866B9D0083FD38 /* Assets.xcassets */; };
		DC314F7E1D866B9D0083FD38 /* LaunchScreen.storyboard in Resources */ = {isa = PBXBuildFile; fileRef = DC314F7C1D866B9D0083FD38 /* LaunchScreen.storyboard */; };
		DC314F891D866B9E0083FD38 /* hello_worldTests.m in Sources */ = {isa = PBXBuildFile; fileRef = DC314F881D866B9E0083FD38 /* hello_worldTests.m */; };
		DC314F941D866B9E0083FD38 /* hello_worldUITests.m in Sources */ = {isa = PBXBuildFile; fileRef = DC314F931D866B9E0083FD38 /* hello_worldUITests.m */; };
/* End PBXBuildFile section */

/* Begin PBXContainerItemProxy section */
		DC209DC71D87D8BB0085B531 /* PBXContainerItemProxy */ = {
			isa = PBXContainerItemProxy;
			containerPortal = DC209DC11D87D8BB0085B531 /* SimpleTableViewDemo.xcodeproj */;
			proxyType = 2;
			remoteGlobalIDString = DC209D8B1D87D35F0085B531;
			remoteInfo = SimpleTableViewDemo;
		};
		DC209DC91D87D8BB0085B531 /* PBXContainerItemProxy */ = {
			isa = PBXContainerItemProxy;
			containerPortal = DC209DC11D87D8BB0085B531 /* SimpleTableViewDemo.xcodeproj */;
			proxyType = 2;
			remoteGlobalIDString = DC209DA41D87D3600085B531;
			remoteInfo = SimpleTableViewDemoTests;
		};
		DC209DCB1D87D8BB0085B531 /* PBXContainerItemProxy */ = {
			isa = PBXContainerItemProxy;
			containerPortal = DC209DC11D87D8BB0085B531 /* SimpleTableViewDemo.xcodeproj */;
			proxyType = 2;
			remoteGlobalIDString = DC209DAF1D87D3600085B531;
			remoteInfo = SimpleTableViewDemoUITests;
		};
		DC314F851D866B9E0083FD38 /* PBXContainerItemProxy */ = {
			isa = PBXContainerItemProxy;
			containerPortal = DC314F631D866B9D0083FD38 /* Project object */;
			proxyType = 1;
			remoteGlobalIDString = DC314F6A1D866B9D0083FD38;
			remoteInfo = "hello world";
		};
		DC314F901D866B9E0083FD38 /* PBXContainerItemProxy */ = {
			isa = PBXContainerItemProxy;
			containerPortal = DC314F631D866B9D0083FD38 /* Project object */;
			proxyType = 1;
			remoteGlobalIDString = DC314F6A1D866B9D0083FD38;
			remoteInfo = "hello world";
		};
/* End PBXContainerItemProxy section */

/* Begin PBXFileReference section */
		DC209DC11D87D8BB0085B531 /* SimpleTableViewDemo.xcodeproj */ = {isa = PBXFileReference; lastKnownFileType = "wrapper.pb-project"; name = SimpleTableViewDemo.xcodeproj; path = ../../Desktop/SimpleTableViewDemo/SimpleTableViewDemo.xcodeproj; sourceTree = "<group>"; };
		DC314F6B1D866B9D0083FD38 /* hello world.app */ = {isa = PBXFileReference; explicitFileType = wrapper.application; includeInIndex = 0; path = "hello world.app"; sourceTree = BUILT_PRODUCTS_DIR; };
		DC314F6F1D866B9D0083FD38 /* main.m */ = {isa = PBXFileReference; lastKnownFileType = sourcecode.c.objc; path = main.m; sourceTree = "<group>"; };
		DC314F711D866B9D0083FD38 /* AppDelegate.h */ = {isa = PBXFileReference; lastKnownFileType = sourcecode.c.h; path = AppDelegate.h; sourceTree = "<group>"; };
		DC314F721D866B9D0083FD38 /* AppDelegate.m */ = {isa = PBXFileReference; lastKnownFileType = sourcecode.c.objc; path = AppDelegate.m; sourceTree = "<group>"; };
		DC314F741D866B9D0083FD38 /* ViewController.h */ = {isa = PBXFileReference; lastKnownFileType = sourcecode.c.h; path = ViewController.h; sourceTree = "<group>"; };
		DC314F751D866B9D0083FD38 /* ViewController.m */ = {isa = PBXFileReference; lastKnownFileType = sourcecode.c.objc; path = ViewController.m; sourceTree = "<group>"; };
		DC314F781D866B9D0083FD38 /* Base */ = {isa = PBXFileReference; lastKnownFileType = file.storyboard; name = Base; path = Base.lproj/Main.storyboard; sourceTree = "<group>"; };
		DC314F7A1D866B9D0083FD38 /* Assets.xcassets */ = {isa = PBXFileReference; lastKnownFileType = folder.assetcatalog; path = Assets.xcassets; sourceTree = "<group>"; };
		DC314F7D1D866B9D0083FD38 /* Base */ = {isa = PBXFileReference; lastKnownFileType = file.storyboard; name = Base; path = Base.lproj/LaunchScreen.storyboard; sourceTree = "<group>"; };
		DC314F7F1D866B9D0083FD38 /* Info.plist */ = {isa = PBXFileReference; lastKnownFileType = text.plist.xml; path = Info.plist; sourceTree = "<group>"; };
		DC314F841D866B9E0083FD38 /* hello worldTests.xctest */ = {isa = PBXFileReference; explicitFileType = wrapper.cfbundle; includeInIndex = 0; path = "hello worldTests.xctest"; sourceTree = BUILT_PRODUCTS_DIR; };
		DC314F881D866B9E0083FD38 /* hello_worldTests.m */ = {isa = PBXFileReference; lastKnownFileType = sourcecode.c.objc; path = hello_worldTests.m; sourceTree = "<group>"; };
		DC314F8A1D866B9E0083FD38 /* Info.plist */ = {isa = PBXFileReference; lastKnownFileType = text.plist.xml; path = Info.plist; sourceTree = "<group>"; };
		DC314F8F1D866B9E0083FD38 /* hello worldUITests.xctest */ = {isa = PBXFileReference; explicitFileType = wrapper.cfbundle; includeInIndex = 0; path = "hello worldUITests.xctest"; sourceTree = BUILT_PRODUCTS_DIR; };
		DC314F931D866B9E0083FD38 /* hello_worldUITests.m */ = {isa = PBXFileReference; lastKnownFileType = sourcecode.c.objc; path = hello_worldUITests.m; sourceTree = "<group>"; };
		DC314F951D866B9E0083FD38 /* Info.plist */ = {isa = PBXFileReference; lastKnownFileType = text.plist.xml; path = Info.plist; sourceTree = "<group>"; };
/* End PBXFileReference section */

/* Begin PBXFrameworksBuildPhase section */
		DC314F681D866B9D0083FD38 /* Frameworks */ = {
			isa = PBXFrameworksBuildPhase;
			buildActionMask = 2147483647;
			files = (
			);
			runOnlyForDeploymentPostprocessing = 0;
		};
		DC314F811D866B9E0083FD38 /* Frameworks */ = {
			isa = PBXFrameworksBuildPhase;
			buildActionMask = 2147483647;
			files = (
			);
			runOnlyForDeploymentPostprocessing = 0;
		};
		DC314F8C1D866B9E0083FD38 /* Frameworks */ = {
			isa = PBXFrameworksBuildPhase;
			buildActionMask = 2147483647;
			files = (
			);
			runOnlyForDeploymentPostprocessing = 0;
		};
/* End PBXFrameworksBuildPhase section */

/* Begin PBXGroup section */
		DC209DC21D87D8BB0085B531 /* Products */ = {
			isa = PBXGroup;
			children = (
				DC209DC81D87D8BB0085B531 /* SimpleTableViewDemo.app */,
				DC209DCA1D87D8BB0085B531 /* SimpleTableViewDemoTests.xctest */,
				DC209DCC1D87D8BB0085B531 /* SimpleTableViewDemoUITests.xctest */,
			);
			name = Products;
			sourceTree = "<group>";
		};
		DC314F621D866B9D0083FD38 = {
			isa = PBXGroup;
			children = (
				DC209DC11D87D8BB0085B531 /* SimpleTableViewDemo.xcodeproj */,
				DC314F6D1D866B9D0083FD38 /* hello world */,
				DC314F871D866B9E0083FD38 /* hello worldTests */,
				DC314F921D866B9E0083FD38 /* hello worldUITests */,
				DC314F6C1D866B9D0083FD38 /* Products */,
			);
			sourceTree = "<group>";
		};
		DC314F6C1D866B9D0083FD38 /* Products */ = {
			isa = PBXGroup;
			children = (
				DC314F6B1D866B9D0083FD38 /* hello world.app */,
				DC314F841D866B9E0083FD38 /* hello worldTests.xctest */,
				DC314F8F1D866B9E0083FD38 /* hello worldUITests.xctest */,
			);
			name = Products;
			sourceTree = "<group>";
		};
		DC314F6D1D866B9D0083FD38 /* hello world */ = {
			isa = PBXGroup;
			children = (
				DC314F711D866B9D0083FD38 /* AppDelegate.h */,
				DC314F721D866B9D0083FD38 /* AppDelegate.m */,
				DC314F741D866B9D0083FD38 /* ViewController.h */,
				DC314F751D866B9D0083FD38 /* ViewController.m */,
				DC314F771D866B9D0083FD38 /* Main.storyboard */,
				DC314F7A1D866B9D0083FD38 /* Assets.xcassets */,
				DC314F7C1D866B9D0083FD38 /* LaunchScreen.storyboard */,
				DC314F7F1D866B9D0083FD38 /* Info.plist */,
				DC314F6E1D866B9D0083FD38 /* Supporting Files */,
			);
			path = "hello world";
			sourceTree = "<group>";
		};
		DC314F6E1D866B9D0083FD38 /* Supporting Files */ = {
			isa = PBXGroup;
			children = (
				DC314F6F1D866B9D0083FD38 /* main.m */,
			);
			name = "Supporting Files";
			sourceTree = "<group>";
		};
		DC314F871D866B9E0083FD38 /* hello worldTests */ = {
			isa = PBXGroup;
			children = (
				DC314F881D866B9E0083FD38 /* hello_worldTests.m */,
				DC314F8A1D866B9E0083FD38 /* Info.plist */,
			);
			path = "hello worldTests";
			sourceTree = "<group>";
		};
		DC314F921D866B9E0083FD38 /* hello worldUITests */ = {
			isa = PBXGroup;
			children = (
				DC314F931D866B9E0083FD38 /* hello_worldUITests.m */,
				DC314F951D866B9E0083FD38 /* Info.plist */,
			);
			path = "hello worldUITests";
			sourceTree = "<group>";
		};
/* End PBXGroup section */

/* Begin PBXNativeTarget section */
		DC314F6A1D866B9D0083FD38 /* hello world */ = {
			isa = PBXNativeTarget;
			buildConfigurationList = DC314F981D866B9E0083FD38 /* Build configuration list for PBXNativeTarget "hello world" */;
			buildPhases = (
				DC314F671D866B9D0083FD38 /* Sources */,
				DC314F681D866B9D0083FD38 /* Frameworks */,
				DC314F691D866B9D0083FD38 /* Resources */,
			);
			buildRules = (
			);
			dependencies = (
			);
			name = "hello world";
			productName = "hello world";
			productReference = DC314F6B1D866B9D0083FD38 /* hello world.app */;
			productType = "com.apple.product-type.application";
		};
		DC314F831D866B9E0083FD38 /* hello worldTests */ = {
			isa = PBXNativeTarget;
			buildConfigurationList = DC314F9B1D866B9E0083FD38 /* Build configuration list for PBXNativeTarget "hello worldTests" */;
			buildPhases = (
				DC314F801D866B9E0083FD38 /* Sources */,
				DC314F811D866B9E0083FD38 /* Frameworks */,
				DC314F821D866B9E0083FD38 /* Resources */,
			);
			buildRules = (
			);
			dependencies = (
				DC314F861D866B9E0083FD38 /* PBXTargetDependency */,
			);
			name = "hello worldTests";
			productName = "hello worldTests";
			productReference = DC314F841D866B9E0083FD38 /* hello worldTests.xctest */;
			productType = "com.apple.product-type.bundle.unit-test";
		};
		DC314F8E1D866B9E0083FD38 /* hello worldUITests */ = {
			isa = PBXNativeTarget;
			buildConfigurationList = DC314F9E1D866B9E0083FD38 /* Build configuration list for PBXNativeTarget "hello worldUITests" */;
			buildPhases = (
				DC314F8B1D866B9E0083FD38 /* Sources */,
				DC314F8C1D866B9E0083FD38 /* Frameworks */,
				DC314F8D1D866B9E0083FD38 /* Resources */,
			);
			buildRules = (
			);
			dependencies = (
				DC314F911D866B9E0083FD38 /* PBXTargetDependency */,
			);
			name = "hello worldUITests";
			productName = "hello worldUITests";
			productReference = DC314F8F1D866B9E0083FD38 /* hello worldUITests.xctest */;
			productType = "com.apple.product-type.bundle.ui-testing";
		};
/* End PBXNativeTarget section */

/* Begin PBXProject section */
		DC314F631D866B9D0083FD38 /* Project object */ = {
			isa = PBXProject;
			attributes = {
				LastUpgradeCheck = 0730;
				ORGANIZATIONNAME = "Com.Hello World";
				TargetAttributes = {
					DC314F6A1D866B9D0083FD38 = {
						CreatedOnToolsVersion = 7.3;
					};
					DC314F831D866B9E0083FD38 = {
						CreatedOnToolsVersion = 7.3;
						TestTargetID = DC314F6A1D866B9D0083FD38;
					};
					DC314F8E1D866B9E0083FD38 = {
						CreatedOnToolsVersion = 7.3;
						TestTargetID = DC314F6A1D866B9D0083FD38;
					};
				};
			};
			buildConfigurationList = DC314F661D866B9D0083FD38 /* Build configuration list for PBXProject "hello world" */;
			compatibilityVersion = "Xcode 3.2";
			developmentRegion = English;
			hasScannedForEncodings = 0;
			knownRegions = (
				en,
				Base,
			);
			mainGroup = DC314F621D866B9D0083FD38;
			productRefGroup = DC314F6C1D866B9D0083FD38 /* Products */;
			projectDirPath = "";
			projectReferences = (
				{
					ProductGroup = DC209DC21D87D8BB0085B531 /* Products */;
					ProjectRef = DC209DC11D87D8BB0085B531 /* SimpleTableViewDemo.xcodeproj */;
				},
			);
			projectRoot = "";
			targets = (
				DC314F6A1D866B9D0083FD38 /* hello world */,
				DC314F831D866B9E0083FD38 /* hello worldTests */,
				DC314F8E1D866B9E0083FD38 /* hello worldUITests */,
			);
		};
/* End PBXProject section */

/* Begin PBXReferenceProxy section */
		DC209DC81D87D8BB0085B531 /* SimpleTableViewDemo.app */ = {
			isa = PBXReferenceProxy;
			fileType = wrapper.application;
			path = SimpleTableViewDemo.app;
			remoteRef = DC209DC71D87D8BB0085B531 /* PBXContainerItemProxy */;
			sourceTree = BUILT_PRODUCTS_DIR;
		};
		DC209DCA1D87D8BB0085B531 /* SimpleTableViewDemoTests.xctest */ = {
			isa = PBXReferenceProxy;
			fileType = wrapper.cfbundle;
			path = SimpleTableViewDemoTests.xctest;
			remoteRef = DC209DC91D87D8BB0085B531 /* PBXContainerItemProxy */;
			sourceTree = BUILT_PRODUCTS_DIR;
		};
		DC209DCC1D87D8BB0085B531 /* SimpleTableViewDemoUITests.xctest */ = {
			isa = PBXReferenceProxy;
			fileType = wrapper.cfbundle;
			path = SimpleTableViewDemoUITests.xctest;
			remoteRef = DC209DCB1D87D8BB0085B531 /* PBXContainerItemProxy */;
			sourceTree = BUILT_PRODUCTS_DIR;
		};
/* End PBXReferenceProxy section */

/* Begin PBXResourcesBuildPhase section */
		DC314F691D866B9D0083FD38 /* Resources */ = {
			isa = PBXResourcesBuildPhase;
			buildActionMask = 2147483647;
			files = (
				DC314F7E1D866B9D0083FD38 /* LaunchScreen.storyboard in Resources */,
				DC314F7B1D866B9D0083FD38 /* Assets.xcassets in Resources */,
				DC314F791D866B9D0083FD38 /* Main.storyboard in Resources */,
			);
			runOnlyForDeploymentPostprocessing = 0;
		};
		DC314F821D866B9E0083FD38 /* Resources */ = {
			isa = PBXResourcesBuildPhase;
			buildActionMask = 2147483647;
			files = (
			);
			runOnlyForDeploymentPostprocessing = 0;
		};
		DC314F8D1D866B9E0083FD38 /* Resources */ = {
			isa = PBXResourcesBuildPhase;
			buildActionMask = 2147483647;
			files = (
			);
			runOnlyForDeploymentPostprocessing = 0;
		};
/* End PBXResourcesBuildPhase section */

/* Begin PBXSourcesBuildPhase section */
		DC314F671D866B9D0083FD38 /* Sources */ = {
			isa = PBXSourcesBuildPhase;
			buildActionMask = 2147483647;
			files = (
				DC314F761D866B9D0083FD38 /* ViewController.m in Sources */,
				DC314F731D866B9D0083FD38 /* AppDelegate.m in Sources */,
				DC314F701D866B9D0083FD38 /* main.m in Sources */,
			);
			runOnlyForDeploymentPostprocessing = 0;
		};
		DC314F801D866B9E0083FD38 /* Sources */ = {
			isa = PBXSourcesBuildPhase;
			buildActionMask = 2147483647;
			files = (
				DC314F891D866B9E0083FD38 /* hello_worldTests.m in Sources */,
			);
			runOnlyForDeploymentPostprocessing = 0;
		};
		DC314F8B1D866B9E0083FD38 /* Sources */ = {
			isa = PBXSourcesBuildPhase;
			buildActionMask = 2147483647;
			files = (
				DC314F941D866B9E0083FD38 /* hello_worldUITests.m in Sources */,
			);
			runOnlyForDeploymentPostprocessing = 0;
		};
/* End PBXSourcesBuildPhase section */

/* Begin PBXTargetDependency section */
		DC314F861D866B9E0083FD38 /* PBXTargetDependency */ = {
			isa = PBXTargetDependency;
			target = DC314F6A1D866B9D0083FD38 /* hello world */;
			targetProxy = DC314F851D866B9E0083FD38 /* PBXContainerItemProxy */;
		};
		DC314F911D866B9E0083FD38 /* PBXTargetDependency */ = {
			isa = PBXTargetDependency;
			target = DC314F6A1D866B9D0083FD38 /* hello world */;
			targetProxy = DC314F901D866B9E0083FD38 /* PBXContainerItemProxy */;
		};
/* End PBXTargetDependency section */

/* Begin PBXVariantGroup section */
		DC314F771D866B9D0083FD38 /* Main.storyboard */ = {
			isa = PBXVariantGroup;
			children = (
				DC314F781D866B9D0083FD38 /* Base */,
			);
			name = Main.storyboard;
			sourceTree = "<group>";
		};
		DC314F7C1D866B9D0083FD38 /* LaunchScreen.storyboard */ = {
			isa = PBXVariantGroup;
			children = (
				DC314F7D1D866B9D0083FD38 /* Base */,
			);
			name = LaunchScreen.storyboard;
			sourceTree = "<group>";
		};
/* End PBXVariantGroup section */

/* Begin XCBuildConfiguration section */
		DC314F961D866B9E0083FD38 /* Debug */ = {
			isa = XCBuildConfiguration;
			buildSettings = {
				ALWAYS_SEARCH_USER_PATHS = NO;
				CLANG_ANALYZER_NONNULL = YES;
				CLANG_CXX_LANGUAGE_STANDARD = "gnu++0x";
				CLANG_CXX_LIBRARY = "libc++";
				CLANG_ENABLE_MODULES = YES;
				CLANG_ENABLE_OBJC_ARC = YES;
				CLANG_WARN_BOOL_CONVERSION = YES;
				CLANG_WARN_CONSTANT_CONVERSION = YES;
				CLANG_WARN_DIRECT_OBJC_ISA_USAGE = YES_ERROR;
				CLANG_WARN_EMPTY_BODY = YES;
				CLANG_WARN_ENUM_CONVERSION = YES;
				CLANG_WARN_INT_CONVERSION = YES;
				CLANG_WARN_OBJC_ROOT_CLASS = YES_ERROR;
				CLANG_WARN_UNREACHABLE_CODE = YES;
				CLANG_WARN__DUPLICATE_METHOD_MATCH = YES;
				"CODE_SIGN_IDENTITY[sdk=iphoneos*]" = "iPhone Developer";
				COPY_PHASE_STRIP = NO;
				DEBUG_INFORMATION_FORMAT = dwarf;
				ENABLE_STRICT_OBJC_MSGSEND = YES;
				ENABLE_TESTABILITY = YES;
				GCC_C_LANGUAGE_STANDARD = gnu99;
				GCC_DYNAMIC_NO_PIC = NO;
				GCC_NO_COMMON_BLOCKS = YES;
				GCC_OPTIMIZATION_LEVEL = 0;
				GCC_PREPROCESSOR_DEFINITIONS = (
					"DEBUG=1",
					"$(inherited)",
				);
				GCC_WARN_64_TO_32_BIT_CONVERSION = YES;
				GCC_WARN_ABOUT_RETURN_TYPE = YES_ERROR;
				GCC_WARN_UNDECLARED_SELECTOR = YES;
				GCC_WARN_UNINITIALIZED_AUTOS = YES_AGGRESSIVE;
				GCC_WARN_UNUSED_FUNCTION = YES;
				GCC_WARN_UNUSED_VARIABLE = YES;
				IPHONEOS_DEPLOYMENT_TARGET = 9.3;
				MTL_ENABLE_DEBUG_INFO = YES;
				ONLY_ACTIVE_ARCH = YES;
				SDKROOT = iphoneos;
			};
			name = Debug;
		};
		DC314F971D866B9E0083FD38 /* Release */ = {
			isa = XCBuildConfiguration;
			buildSettings = {
				ALWAYS_SEARCH_USER_PATHS = NO;
				CLANG_ANALYZER_NONNULL = YES;
				CLANG_CXX_LANGUAGE_STANDARD = "gnu++0x";
				CLANG_CXX_LIBRARY = "libc++";
				CLANG_ENABLE_MODULES = YES;
				CLANG_ENABLE_OBJC_ARC = YES;
				CLANG_WARN_BOOL_CONVERSION = YES;
				CLANG_WARN_CONSTANT_CONVERSION = YES;
				CLANG_WARN_DIRECT_OBJC_ISA_USAGE = YES_ERROR;
				CLANG_WARN_EMPTY_BODY = YES;
				CLANG_WARN_ENUM_CONVERSION = YES;
				CLANG_WARN_INT_CONVERSION = YES;
				CLANG_WARN_OBJC_ROOT_CLASS = YES_ERROR;
				CLANG_WARN_UNREACHABLE_CODE = YES;
				CLANG_WARN__DUPLICATE_METHOD_MATCH = YES;
				"CODE_SIGN_IDENTITY[sdk=iphoneos*]" = "iPhone Developer";
				COPY_PHASE_STRIP = NO;
				DEBUG_INFORMATION_FORMAT = "dwarf-with-dsym";
				ENABLE_NS_ASSERTIONS = NO;
				ENABLE_STRICT_OBJC_MSGSEND = YES;
				GCC_C_LANGUAGE_STANDARD = gnu99;
				GCC_NO_COMMON_BLOCKS = YES;
				GCC_WARN_64_TO_32_BIT_CONVERSION = YES;
				GCC_WARN_ABOUT_RETURN_TYPE = YES_ERROR;
				GCC_WARN_UNDECLARED_SELECTOR = YES;
				GCC_WARN_UNINITIALIZED_AUTOS = YES_AGGRESSIVE;
				GCC_WARN_UNUSED_FUNCTION = YES;
				GCC_WARN_UNUSED_VARIABLE = YES;
				IPHONEOS_DEPLOYMENT_TARGET = 9.3;
				MTL_ENABLE_DEBUG_INFO = NO;
				SDKROOT = iphoneos;
				VALIDATE_PRODUCT = YES;
			};
			name = Release;
		};
		DC314F991D866B9E0083FD38 /* Debug */ = {
			isa = XCBuildConfiguration;
			buildSettings = {
				ASSETCATALOG_COMPILER_APPICON_NAME = AppIcon;
				INFOPLIST_FILE = "hello world/Info.plist";
				LD_RUNPATH_SEARCH_PATHS = "$(inherited) @executable_path/Frameworks";
				PRODUCT_BUNDLE_IDENTIFIER = "test.hello-world";
				PRODUCT_NAME = "$(TARGET_NAME)";
			};
			name = Debug;
		};
		DC314F9A1D866B9E0083FD38 /* Release */ = {
			isa = XCBuildConfiguration;
			buildSettings = {
				ASSETCATALOG_COMPILER_APPICON_NAME = AppIcon;
				INFOPLIST_FILE = "hello world/Info.plist";
				LD_RUNPATH_SEARCH_PATHS = "$(inherited) @executable_path/Frameworks";
				PRODUCT_BUNDLE_IDENTIFIER = "test.hello-world";
				PRODUCT_NAME = "$(TARGET_NAME)";
			};
			name = Release;
		};
		DC314F9C1D866B9E0083FD38 /* Debug */ = {
			isa = XCBuildConfiguration;
			buildSettings = {
				BUNDLE_LOADER = "$(TEST_HOST)";
				INFOPLIST_FILE = "hello worldTests/Info.plist";
				LD_RUNPATH_SEARCH_PATHS = "$(inherited) @executable_path/Frameworks @loader_path/Frameworks";
				PRODUCT_BUNDLE_IDENTIFIER = "test.hello-worldTests";
				PRODUCT_NAME = "$(TARGET_NAME)";
				TEST_HOST = "$(BUILT_PRODUCTS_DIR)/hello world.app/hello world";
			};
			name = Debug;
		};
		DC314F9D1D866B9E0083FD38 /* Release */ = {
			isa = XCBuildConfiguration;
			buildSettings = {
				BUNDLE_LOADER = "$(TEST_HOST)";
				INFOPLIST_FILE = "hello worldTests/Info.plist";
				LD_RUNPATH_SEARCH_PATHS = "$(inherited) @executable_path/Frameworks @loader_path/Frameworks";
				PRODUCT_BUNDLE_IDENTIFIER = "test.hello-worldTests";
				PRODUCT_NAME = "$(TARGET_NAME)";
				TEST_HOST = "$(BUILT_PRODUCTS_DIR)/hello world.app/hello world";
			};
			name = Release;
		};
		DC314F9F1D866B9E0083FD38 /* Debug */ = {
			isa = XCBuildConfiguration;
			buildSettings = {
				INFOPLIST_FILE = "hello worldUITests/Info.plist";
				LD_RUNPATH_SEARCH_PATHS = "$(inherited) @executable_path/Frameworks @loader_path/Frameworks";
				PRODUCT_BUNDLE_IDENTIFIER = "test.hello-worldUITests";
				PRODUCT_NAME = "$(TARGET_NAME)";
				TEST_TARGET_NAME = "hello world";
			};
			name = Debug;
		};
		DC314FA01D866B9E0083FD38 /* Release */ = {
			isa = XCBuildConfiguration;
			buildSettings = {
				INFOPLIST_FILE = "hello worldUITests/Info.plist";
				LD_RUNPATH_SEARCH_PATHS = "$(inherited) @executable_path/Frameworks @loader_path/Frameworks";
				PRODUCT_BUNDLE_IDENTIFIER = "test.hello-worldUITests";
				PRODUCT_NAME = "$(TARGET_NAME)";
				TEST_TARGET_NAME = "hello world";
			};
			name = Release;
		};
/* End XCBuildConfiguration section */

/* Begin XCConfigurationList section */
		DC314F661D866B9D0083FD38 /* Build configuration list for PBXProject "hello world" */ = {
			isa = XCConfigurationList;
			buildConfigurations = (
				DC314F961D866B9E0083FD38 /* Debug */,
				DC314F971D866B9E0083FD38 /* Release */,
			);
			defaultConfigurationIsVisible = 0;
			defaultConfigurationName = Release;
		};
		DC314F981D866B9E0083FD38 /* Build configuration list for PBXNativeTarget "hello world" */ = {
			isa = XCConfigurationList;
			buildConfigurations = (
				DC314F991D866B9E0083FD38 /* Debug */,
				DC314F9A1D866B9E0083FD38 /* Release */,
			);
			defaultConfigurationIsVisible = 0;
			defaultConfigurationName = Release;
		};
		DC314F9B1D866B9E0083FD38 /* Build configuration list for PBXNativeTarget "hello worldTests" */ = {
			isa = XCConfigurationList;
			buildConfigurations = (
				DC314F9C1D866B9E0083FD38 /* Debug */,
				DC314F9D1D866B9E0083FD38 /* Release */,
			);
			defaultConfigurationIsVisible = 0;
			defaultConfigurationName = Release;
		};
		DC314F9E1D866B9E0083FD38 /* Build configuration list for PBXNativeTarget "hello worldUITests" */ = {
			isa = XCConfigurationList;
			buildConfigurations = (
				DC314F9F1D866B9E0083FD38 /* Debug */,
				DC314FA01D866B9E0083FD38 /* Release */,
			);
			defaultConfigurationIsVisible = 0;
			defaultConfigurationName = Release;
		};
/* End XCConfigurationList section */
	};
	rootObject = DC314F631D866B9D0083FD38 /* Project object */;
}
